// !$*UTF8*$!
{
	archiveVersion = 1;
	classes = {
	};
	objectVersion = 48;
	objects = {

/* Begin PBXBuildFile section */
		A80407492039C7A60043E459 /* Cells.swift in Sources */ = {isa = PBXBuildFile; fileRef = A80407482039C7A60043E459 /* Cells.swift */; };
		A804074B2039C8110043E459 /* HomeDataSource.swift in Sources */ = {isa = PBXBuildFile; fileRef = A804074A2039C8110043E459 /* HomeDataSource.swift */; };
		A81B6395203BDDEE0059B5BD /* Users.swift in Sources */ = {isa = PBXBuildFile; fileRef = A81B6394203BDDEE0059B5BD /* Users.swift */; };
		A884559720359FBD00367D3B /* AppDelegate.swift in Sources */ = {isa = PBXBuildFile; fileRef = A884559620359FBD00367D3B /* AppDelegate.swift */; };
		A88455A120359FBD00367D3B /* LaunchScreen.storyboard in Resources */ = {isa = PBXBuildFile; fileRef = A884559F20359FBD00367D3B /* LaunchScreen.storyboard */; };
		A88455A92035A29500367D3B /* HomeController.swift in Sources */ = {isa = PBXBuildFile; fileRef = A88455A82035A29500367D3B /* HomeController.swift */; };
		A8BC79C02036CDF000B40F14 /* HomeDataSourceController.swift in Sources */ = {isa = PBXBuildFile; fileRef = A8BC79BF2036CDF000B40F14 /* HomeDataSourceController.swift */; };
		B4AB1916D886E3E4BA543C37 /* Pods_TwitterLBTA.framework in Frameworks */ = {isa = PBXBuildFile; fileRef = 3A1A9CA797AF919924FC628C /* Pods_TwitterLBTA.framework */; };
/* End PBXBuildFile section */

/* Begin PBXFileReference section */
		36CBE044F4EF8FCA9D4F06F8 /* Pods-TwitterLBTA.debug.xcconfig */ = {isa = PBXFileReference; includeInIndex = 1; lastKnownFileType = text.xcconfig; name = "Pods-TwitterLBTA.debug.xcconfig"; path = "Pods/Target Support Files/Pods-TwitterLBTA/Pods-TwitterLBTA.debug.xcconfig"; sourceTree = "<group>"; };
		3A1A9CA797AF919924FC628C /* Pods_TwitterLBTA.framework */ = {isa = PBXFileReference; explicitFileType = wrapper.framework; includeInIndex = 0; path = Pods_TwitterLBTA.framework; sourceTree = BUILT_PRODUCTS_DIR; };
		A80407482039C7A60043E459 /* Cells.swift */ = {isa = PBXFileReference; lastKnownFileType = sourcecode.swift; path = Cells.swift; sourceTree = "<group>"; };
		A804074A2039C8110043E459 /* HomeDataSource.swift */ = {isa = PBXFileReference; lastKnownFileType = sourcecode.swift; path = HomeDataSource.swift; sourceTree = "<group>"; };
		A81B6393203AE1FC0059B5BD /* Assets.xcassets */ = {isa = PBXFileReference; lastKnownFileType = folder.assetcatalog; name = Assets.xcassets; path = "/Users/mayank/Desktop/my playground/TwitterLBTA/TwitterLBTA/Assets.xcassets"; sourceTree = "<absolute>"; };
		A81B6394203BDDEE0059B5BD /* Users.swift */ = {isa = PBXFileReference; lastKnownFileType = sourcecode.swift; path = Users.swift; sourceTree = "<group>"; };
		A884559320359FBD00367D3B /* TwitterLBTA.app */ = {isa = PBXFileReference; explicitFileType = wrapper.application; includeInIndex = 0; path = TwitterLBTA.app; sourceTree = BUILT_PRODUCTS_DIR; };
		A884559620359FBD00367D3B /* AppDelegate.swift */ = {isa = PBXFileReference; lastKnownFileType = sourcecode.swift; path = AppDelegate.swift; sourceTree = "<group>"; };
		A88455A020359FBD00367D3B /* Base */ = {isa = PBXFileReference; lastKnownFileType = file.storyboard; name = Base; path = Base.lproj/LaunchScreen.storyboard; sourceTree = "<group>"; };
		A88455A220359FBD00367D3B /* Info.plist */ = {isa = PBXFileReference; lastKnownFileType = text.plist.xml; path = Info.plist; sourceTree = "<group>"; };
		A88455A82035A29500367D3B /* HomeController.swift */ = {isa = PBXFileReference; lastKnownFileType = sourcecode.swift; path = HomeController.swift; sourceTree = "<group>"; };
		A8BC79BF2036CDF000B40F14 /* HomeDataSourceController.swift */ = {isa = PBXFileReference; lastKnownFileType = sourcecode.swift; path = HomeDataSourceController.swift; sourceTree = "<group>"; };
		BB5CC09F2BCF92DB3B5B6EFB /* Pods-TwitterLBTA.release.xcconfig */ = {isa = PBXFileReference; includeInIndex = 1; lastKnownFileType = text.xcconfig; name = "Pods-TwitterLBTA.release.xcconfig"; path = "Pods/Target Support Files/Pods-TwitterLBTA/Pods-TwitterLBTA.release.xcconfig"; sourceTree = "<group>"; };
/* End PBXFileReference section */

/* Begin PBXFrameworksBuildPhase section */
		A884559020359FBD00367D3B /* Frameworks */ = {
			isa = PBXFrameworksBuildPhase;
			buildActionMask = 2147483647;
			files = (
				B4AB1916D886E3E4BA543C37 /* Pods_TwitterLBTA.framework in Frameworks */,
			);
			runOnlyForDeploymentPostprocessing = 0;
		};
/* End PBXFrameworksBuildPhase section */

/* Begin PBXGroup section */
		2526CFE53B21EE5B42C6DEA5 /* Frameworks */ = {
			isa = PBXGroup;
			children = (
				3A1A9CA797AF919924FC628C /* Pods_TwitterLBTA.framework */,
			);
			name = Frameworks;
			sourceTree = "<group>";
		};
		255DB3B7CF9ECC137CC5C4BB /* Pods */ = {
			isa = PBXGroup;
			children = (
				36CBE044F4EF8FCA9D4F06F8 /* Pods-TwitterLBTA.debug.xcconfig */,
				BB5CC09F2BCF92DB3B5B6EFB /* Pods-TwitterLBTA.release.xcconfig */,
			);
			name = Pods;
			sourceTree = "<group>";
		};
		A80407452039C6BE0043E459 /* View */ = {
			isa = PBXGroup;
			children = (
				A80407482039C7A60043E459 /* Cells.swift */,
			);
			path = View;
			sourceTree = "<group>";
		};
		A80407462039C6CD0043E459 /* Model */ = {
			isa = PBXGroup;
			children = (
				A804074A2039C8110043E459 /* HomeDataSource.swift */,
				A81B6394203BDDEE0059B5BD /* Users.swift */,
			);
			path = Model;
			sourceTree = "<group>";
		};
		A80407472039C6D70043E459 /* Controller */ = {
			isa = PBXGroup;
			children = (
				A8BC79BF2036CDF000B40F14 /* HomeDataSourceController.swift */,
			);
			path = Controller;
			sourceTree = "<group>";
		};
		A884558A20359FBD00367D3B = {
			isa = PBXGroup;
			children = (
				A884559520359FBD00367D3B /* TwitterLBTA */,
				A884559420359FBD00367D3B /* Products */,
				255DB3B7CF9ECC137CC5C4BB /* Pods */,
				2526CFE53B21EE5B42C6DEA5 /* Frameworks */,
			);
			sourceTree = "<group>";
		};
		A884559420359FBD00367D3B /* Products */ = {
			isa = PBXGroup;
			children = (
				A884559320359FBD00367D3B /* TwitterLBTA.app */,
			);
			name = Products;
			sourceTree = "<group>";
		};
		A884559520359FBD00367D3B /* TwitterLBTA */ = {
			isa = PBXGroup;
			children = (
				A81B6393203AE1FC0059B5BD /* Assets.xcassets */,
				A80407472039C6D70043E459 /* Controller */,
				A80407462039C6CD0043E459 /* Model */,
				A80407452039C6BE0043E459 /* View */,
				A884559620359FBD00367D3B /* AppDelegate.swift */,
				A88455A82035A29500367D3B /* HomeController.swift */,
				A884559F20359FBD00367D3B /* LaunchScreen.storyboard */,
				A88455A220359FBD00367D3B /* Info.plist */,
			);
			path = TwitterLBTA;
			sourceTree = "<group>";
		};
/* End PBXGroup section */

/* Begin PBXNativeTarget section */
		A884559220359FBD00367D3B /* TwitterLBTA */ = {
			isa = PBXNativeTarget;
			buildConfigurationList = A88455A520359FBD00367D3B /* Build configuration list for PBXNativeTarget "TwitterLBTA" */;
			buildPhases = (
				FAE3B976BC1BB5454E96BDD2 /* [CP] Check Pods Manifest.lock */,
				A884558F20359FBD00367D3B /* Sources */,
				A884559020359FBD00367D3B /* Frameworks */,
				A884559120359FBD00367D3B /* Resources */,
				89C6585120845F4B2DE770C2 /* [CP] Embed Pods Frameworks */,
				CF0C29C2D823E7B3E2E63761 /* [CP] Copy Pods Resources */,
			);
			buildRules = (
			);
			dependencies = (
			);
			name = TwitterLBTA;
			productName = TwitterLBTA;
			productReference = A884559320359FBD00367D3B /* TwitterLBTA.app */;
			productType = "com.apple.product-type.application";
		};
/* End PBXNativeTarget section */

/* Begin PBXProject section */
		A884558B20359FBD00367D3B /* Project object */ = {
			isa = PBXProject;
			attributes = {
				LastSwiftUpdateCheck = 0920;
				LastUpgradeCheck = 0920;
				ORGANIZATIONNAME = ShinobiTech;
				TargetAttributes = {
					A884559220359FBD00367D3B = {
						CreatedOnToolsVersion = 9.2;
						ProvisioningStyle = Automatic;
					};
				};
			};
			buildConfigurationList = A884558E20359FBD00367D3B /* Build configuration list for PBXProject "TwitterLBTA" */;
			compatibilityVersion = "Xcode 8.0";
			developmentRegion = en;
			hasScannedForEncodings = 0;
			knownRegions = (
				en,
				Base,
			);
			mainGroup = A884558A20359FBD00367D3B;
			productRefGroup = A884559420359FBD00367D3B /* Products */;
			projectDirPath = "";
			projectRoot = "";
			targets = (
				A884559220359FBD00367D3B /* TwitterLBTA */,
			);
		};
/* End PBXProject section */

/* Begin PBXResourcesBuildPhase section */
		A884559120359FBD00367D3B /* Resources */ = {
			isa = PBXResourcesBuildPhase;
			buildActionMask = 2147483647;
			files = (
				A88455A120359FBD00367D3B /* LaunchScreen.storyboard in Resources */,
			);
			runOnlyForDeploymentPostprocessing = 0;
		};
/* End PBXResourcesBuildPhase section */

/* Begin PBXShellScriptBuildPhase section */
		89C6585120845F4B2DE770C2 /* [CP] Embed Pods Frameworks */ = {
			isa = PBXShellScriptBuildPhase;
			buildActionMask = 2147483647;
			files = (
			);
			inputPaths = (
				"${SRCROOT}/Pods/Target Support Files/Pods-TwitterLBTA/Pods-TwitterLBTA-frameworks.sh",
				"${BUILT_PRODUCTS_DIR}/LBTAComponents/LBTAComponents.framework",
			);
			name = "[CP] Embed Pods Frameworks";
			outputPaths = (
				"${TARGET_BUILD_DIR}/${FRAMEWORKS_FOLDER_PATH}/LBTAComponents.framework",
			);
			runOnlyForDeploymentPostprocessing = 0;
			shellPath = /bin/sh;
			shellScript = "\"${SRCROOT}/Pods/Target Support Files/Pods-TwitterLBTA/Pods-TwitterLBTA-frameworks.sh\"\n";
			showEnvVarsInLog = 0;
		};
		CF0C29C2D823E7B3E2E63761 /* [CP] Copy Pods Resources */ = {
			isa = PBXShellScriptBuildPhase;
			buildActionMask = 2147483647;
			files = (
			);
			inputPaths = (
			);
			name = "[CP] Copy Pods Resources";
			outputPaths = (
			);
			runOnlyForDeploymentPostprocessing = 0;
			shellPath = /bin/sh;
			shellScript = "\"${SRCROOT}/Pods/Target Support Files/Pods-TwitterLBTA/Pods-TwitterLBTA-resources.sh\"\n";
			showEnvVarsInLog = 0;
		};
		FAE3B976BC1BB5454E96BDD2 /* [CP] Check Pods Manifest.lock */ = {
			isa = PBXShellScriptBuildPhase;
			buildActionMask = 2147483647;
			files = (
			);
			inputPaths = (
				"${PODS_PODFILE_DIR_PATH}/Podfile.lock",
				"${PODS_ROOT}/Manifest.lock",
			);
			name = "[CP] Check Pods Manifest.lock";
			outputPaths = (
				"$(DERIVED_FILE_DIR)/Pods-TwitterLBTA-checkManifestLockResult.txt",
			);
			runOnlyForDeploymentPostprocessing = 0;
			shellPath = /bin/sh;
			shellScript = "diff \"${PODS_PODFILE_DIR_PATH}/Podfile.lock\" \"${PODS_ROOT}/Manifest.lock\" > /dev/null\nif [ $? != 0 ] ; then\n    # print error to STDERR\n    echo \"error: The sandbox is not in sync with the Podfile.lock. Run 'pod install' or update your CocoaPods installation.\" >&2\n    exit 1\nfi\n# This output is used by Xcode 'outputs' to avoid re-running this script phase.\necho \"SUCCESS\" > \"${SCRIPT_OUTPUT_FILE_0}\"\n";
			showEnvVarsInLog = 0;
		};
/* End PBXShellScriptBuildPhase section */

/* Begin PBXSourcesBuildPhase section */
		A884558F20359FBD00367D3B /* Sources */ = {
			isa = PBXSourcesBuildPhase;
			buildActionMask = 2147483647;
			files = (
				A804074B2039C8110043E459 /* HomeDataSource.swift in Sources */,
				A8BC79C02036CDF000B40F14 /* HomeDataSourceController.swift in Sources */,
				A80407492039C7A60043E459 /* Cells.swift in Sources */,
				A884559720359FBD00367D3B /* AppDelegate.swift in Sources */,
				A81B6395203BDDEE0059B5BD /* Users.swift in Sources */,
				A88455A92035A29500367D3B /* HomeController.swift in Sources */,
			);
			runOnlyForDeploymentPostprocessing = 0;
		};
/* End PBXSourcesBuildPhase section */

/* Begin PBXVariantGroup section */
		A884559F20359FBD00367D3B /* LaunchScreen.storyboard */ = {
			isa = PBXVariantGroup;
			children = (
				A88455A020359FBD00367D3B /* Base */,
			);
			name = LaunchScreen.storyboard;
			sourceTree = "<group>";
		};
/* End PBXVariantGroup section */

/* Begin XCBuildConfiguration section */
		A88455A320359FBD00367D3B /* Debug */ = {
			isa = XCBuildConfiguration;
			buildSettings = {
				ALWAYS_SEARCH_USER_PATHS = NO;
				CLANG_ANALYZER_NONNULL = YES;
				CLANG_ANALYZER_NUMBER_OBJECT_CONVERSION = YES_AGGRESSIVE;
				CLANG_CXX_LANGUAGE_STANDARD = "gnu++14";
				CLANG_CXX_LIBRARY = "libc++";
				CLANG_ENABLE_MODULES = YES;
				CLANG_ENABLE_OBJC_ARC = YES;
				CLANG_WARN_BLOCK_CAPTURE_AUTORELEASING = YES;
				CLANG_WARN_BOOL_CONVERSION = YES;
				CLANG_WARN_COMMA = YES;
				CLANG_WARN_CONSTANT_CONVERSION = YES;
				CLANG_WARN_DIRECT_OBJC_ISA_USAGE = YES_ERROR;
				CLANG_WARN_DOCUMENTATION_COMMENTS = YES;
				CLANG_WARN_EMPTY_BODY = YES;
				CLANG_WARN_ENUM_CONVERSION = YES;
				CLANG_WARN_INFINITE_RECURSION = YES;
				CLANG_WARN_INT_CONVERSION = YES;
				CLANG_WARN_NON_LITERAL_NULL_CONVERSION = YES;
				CLANG_WARN_OBJC_LITERAL_CONVERSION = YES;
				CLANG_WARN_OBJC_ROOT_CLASS = YES_ERROR;
				CLANG_WARN_RANGE_LOOP_ANALYSIS = YES;
				CLANG_WARN_STRICT_PROTOTYPES = YES;
				CLANG_WARN_SUSPICIOUS_MOVE = YES;
				CLANG_WARN_UNGUARDED_AVAILABILITY = YES_AGGRESSIVE;
				CLANG_WARN_UNREACHABLE_CODE = YES;
				CLANG_WARN__DUPLICATE_METHOD_MATCH = YES;
				CODE_SIGN_IDENTITY = "iPhone Developer";
				COPY_PHASE_STRIP = NO;
				DEBUG_INFORMATION_FORMAT = dwarf;
				ENABLE_STRICT_OBJC_MSGSEND = YES;
				ENABLE_TESTABILITY = YES;
				GCC_C_LANGUAGE_STANDARD = gnu11;
				GCC_DYNAMIC_NO_PIC = NO;
				GCC_NO_COMMON_BLOCKS = YES;
				GCC_OPTIMIZATION_LEVEL = 0;
				GCC_PREPROCESSOR_DEFINITIONS = (
					"DEBUG=1",
					"$(inherited)",
				);
				GCC_WARN_64_TO_32_BIT_CONVERSION = YES;
				GCC_WARN_ABOUT_RETURN_TYPE = YES_ERROR;
				GCC_WARN_UNDECLARED_SELECTOR = YES;
				GCC_WARN_UNINITIALIZED_AUTOS = YES_AGGRESSIVE;
				GCC_WARN_UNUSED_FUNCTION = YES;
				GCC_WARN_UNUSED_VARIABLE = YES;
				IPHONEOS_DEPLOYMENT_TARGET = 11.2;
				MTL_ENABLE_DEBUG_INFO = YES;
				ONLY_ACTIVE_ARCH = YES;
				SDKROOT = iphoneos;
				SWIFT_ACTIVE_COMPILATION_CONDITIONS = DEBUG;
				SWIFT_OPTIMIZATION_LEVEL = "-Onone";
			};
			name = Debug;
		};
		A88455A420359FBD00367D3B /* Release */ = {
			isa = XCBuildConfiguration;
			buildSettings = {
				ALWAYS_SEARCH_USER_PATHS = NO;
				CLANG_ANALYZER_NONNULL = YES;
				CLANG_ANALYZER_NUMBER_OBJECT_CONVERSION = YES_AGGRESSIVE;
				CLANG_CXX_LANGUAGE_STANDARD = "gnu++14";
				CLANG_CXX_LIBRARY = "libc++";
				CLANG_ENABLE_MODULES = YES;
				CLANG_ENABLE_OBJC_ARC = YES;
				CLANG_WARN_BLOCK_CAPTURE_AUTORELEASING = YES;
				CLANG_WARN_BOOL_CONVERSION = YES;
				CLANG_WARN_COMMA = YES;
				CLANG_WARN_CONSTANT_CONVERSION = YES;
				CLANG_WARN_DIRECT_OBJC_ISA_USAGE = YES_ERROR;
				CLANG_WARN_DOCUMENTATION_COMMENTS = YES;
				CLANG_WARN_EMPTY_BODY = YES;
				CLANG_WARN_ENUM_CONVERSION = YES;
				CLANG_WARN_INFINITE_RECURSION = YES;
				CLANG_WARN_INT_CONVERSION = YES;
				CLANG_WARN_NON_LITERAL_NULL_CONVERSION = YES;
				CLANG_WARN_OBJC_LITERAL_CONVERSION = YES;
				CLANG_WARN_OBJC_ROOT_CLASS = YES_ERROR;
				CLANG_WARN_RANGE_LOOP_ANALYSIS = YES;
				CLANG_WARN_STRICT_PROTOTYPES = YES;
				CLANG_WARN_SUSPICIOUS_MOVE = YES;
				CLANG_WARN_UNGUARDED_AVAILABILITY = YES_AGGRESSIVE;
				CLANG_WARN_UNREACHABLE_CODE = YES;
				CLANG_WARN__DUPLICATE_METHOD_MATCH = YES;
				CODE_SIGN_IDENTITY = "iPhone Developer";
				COPY_PHASE_STRIP = NO;
				DEBUG_INFORMATION_FORMAT = "dwarf-with-dsym";
				ENABLE_NS_ASSERTIONS = NO;
				ENABLE_STRICT_OBJC_MSGSEND = YES;
				GCC_C_LANGUAGE_STANDARD = gnu11;
				GCC_NO_COMMON_BLOCKS = YES;
				GCC_WARN_64_TO_32_BIT_CONVERSION = YES;
				GCC_WARN_ABOUT_RETURN_TYPE = YES_ERROR;
				GCC_WARN_UNDECLARED_SELECTOR = YES;
				GCC_WARN_UNINITIALIZED_AUTOS = YES_AGGRESSIVE;
				GCC_WARN_UNUSED_FUNCTION = YES;
				GCC_WARN_UNUSED_VARIABLE = YES;
				IPHONEOS_DEPLOYMENT_TARGET = 11.2;
				MTL_ENABLE_DEBUG_INFO = NO;
				SDKROOT = iphoneos;
				SWIFT_OPTIMIZATION_LEVEL = "-Owholemodule";
				VALIDATE_PRODUCT = YES;
			};
			name = Release;
		};
		A88455A620359FBD00367D3B /* Debug */ = {
			isa = XCBuildConfiguration;
			baseConfigurationReference = 36CBE044F4EF8FCA9D4F06F8 /* Pods-TwitterLBTA.debug.xcconfig */;
			buildSettings = {
				ASSETCATALOG_COMPILER_LAUNCHIMAGE_NAME = LaunchImage;
				CODE_SIGN_STYLE = Automatic;
				INFOPLIST_FILE = TwitterLBTA/Info.plist;
				LD_RUNPATH_SEARCH_PATHS = "$(inherited) @executable_path/Frameworks";
				PRODUCT_BUNDLE_IDENTIFIER = mayankwadhwa.TwitterLBTA;
				PRODUCT_NAME = "$(TARGET_NAME)";
				SWIFT_VERSION = 4.0;
				TARGETED_DEVICE_FAMILY = "1,2";
			};
			name = Debug;
		};
		A88455A720359FBD00367D3B /* Release */ = {
			isa = XCBuildConfiguration;
			baseConfigurationReference = BB5CC09F2BCF92DB3B5B6EFB /* Pods-TwitterLBTA.release.xcconfig */;
			buildSettings = {
				ASSETCATALOG_COMPILER_LAUNCHIMAGE_NAME = LaunchImage;
				CODE_SIGN_STYLE = Automatic;
				INFOPLIST_FILE = TwitterLBTA/Info.plist;
				LD_RUNPATH_SEARCH_PATHS = "$(inherited) @executable_path/Frameworks";
				PRODUCT_BUNDLE_IDENTIFIER = mayankwadhwa.TwitterLBTA;
				PRODUCT_NAME = "$(TARGET_NAME)";
				SWIFT_VERSION = 4.0;
				TARGETED_DEVICE_FAMILY = "1,2";
			};
			name = Release;
		};
/* End XCBuildConfiguration section */

/* Begin XCConfigurationList section */
		A884558E20359FBD00367D3B /* Build configuration list for PBXProject "TwitterLBTA" */ = {
			isa = XCConfigurationList;
			buildConfigurations = (
				A88455A320359FBD00367D3B /* Debug */,
				A88455A420359FBD00367D3B /* Release */,
			);
			defaultConfigurationIsVisible = 0;
			defaultConfigurationName = Release;
		};
		A88455A520359FBD00367D3B /* Build configuration list for PBXNativeTarget "TwitterLBTA" */ = {
			isa = XCConfigurationList;
			buildConfigurations = (
				A88455A620359FBD00367D3B /* Debug */,
				A88455A720359FBD00367D3B /* Release */,
			);
			defaultConfigurationIsVisible = 0;
			defaultConfigurationName = Release;
		};
/* End XCConfigurationList section */
	};
	rootObject = A884558B20359FBD00367D3B /* Project object */;
}
